
Microsoft Visual Studio Solution File, Format Version 12.00
# Visual Studio Version 17
VisualStudioVersion = 17.0.31912.275
MinimumVisualStudioVersion = 10.0.40219.1
Project("{9A19103F-16F7-4668-BE54-9A1E7A4F7556}") = "Calculator.DLL", "Calculator.DLL\Calculator.DLL.csproj", "{A3A61361-7ECD-459F-983D-696BE03D7607}"
EndProject
Project("{9A19103F-16F7-4668-BE54-9A1E7A4F7556}") = "GSTC.bUnit", "GSTC.bUnit\GSTC.bUnit.csproj", "{4B9988AF-F710-4F8B-BF6D-563D57799B45}"
EndProject
Project("{9A19103F-16F7-4668-BE54-9A1E7A4F7556}") = "GuitarStringTensionCalculator.Core", "GuitarStringTensionCalculator.Core\GuitarStringTensionCalculator.Core.csproj", "{DC95E286-0FA3-4ED8-8E7F-28EEAE5AE72B}"
EndProject
Project("{2150E333-8FDC-42A3-9474-1A3956D46DE8}") = "Solution Items", "Solution Items", "{C955251D-8608-4E7C-A2C3-D4DF455BE18A}"
	ProjectSection(SolutionItems) = preProject
		Directory.Packages.props = Directory.Packages.props
	EndProjectSection
EndProject
Global
	GlobalSection(SolutionConfigurationPlatforms) = preSolution
		Debug|Any CPU = Debug|Any CPU
		Release|Any CPU = Release|Any CPU
	EndGlobalSection
	GlobalSection(ProjectConfigurationPlatforms) = postSolution
		{A3A61361-7ECD-459F-983D-696BE03D7607}.Debug|Any CPU.ActiveCfg = Debug|Any CPU
		{A3A61361-7ECD-459F-983D-696BE03D7607}.Debug|Any CPU.Build.0 = Debug|Any CPU
		{A3A61361-7ECD-459F-983D-696BE03D7607}.Release|Any CPU.ActiveCfg = Release|Any CPU
		{A3A61361-7ECD-459F-983D-696BE03D7607}.Release|Any CPU.Build.0 = Release|Any CPU
		{4B9988AF-F710-4F8B-BF6D-563D57799B45}.Debug|Any CPU.ActiveCfg = Debug|Any CPU
		{4B9988AF-F710-4F8B-BF6D-563D57799B45}.Debug|Any CPU.Build.0 = Debug|Any CPU
		{4B9988AF-F710-4F8B-BF6D-563D57799B45}.Release|Any CPU.ActiveCfg = Release|Any CPU
		{4B9988AF-F710-4F8B-BF6D-563D57799B45}.Release|Any CPU.Build.0 = Release|Any CPU
		{DC95E286-0FA3-4ED8-8E7F-28EEAE5AE72B}.Debug|Any CPU.ActiveCfg = Debug|Any CPU
		{DC95E286-0FA3-4ED8-8E7F-28EEAE5AE72B}.Debug|Any CPU.Build.0 = Debug|Any CPU
		{DC95E286-0FA3-4ED8-8E7F-28EEAE5AE72B}.Release|Any CPU.ActiveCfg = Release|Any CPU
		{DC95E286-0FA3-4ED8-8E7F-28EEAE5AE72B}.Release|Any CPU.Build.0 = Release|Any CPU
	EndGlobalSection
	GlobalSection(SolutionProperties) = preSolution
		HideSolutionNode = FALSE
	EndGlobalSection
	GlobalSection(ExtensibilityGlobals) = postSolution
		SolutionGuid = {9C5DE177-8824-4306-8DB5-C3E58B69FE87}
	EndGlobalSection
EndGlobal
